
Microsoft Visual Studio Solution File, Format Version 12.00
# Visual Studio 15
VisualStudioVersion = 15.0.28307.106
MinimumVisualStudioVersion = 10.0.40219.1
Project("{FAE04EC0-301F-11D3-BF4B-00C04F79EFBC}") = "TDDKata", "TDDKata\TDDKata.csproj", "{ACC16721-7F31-4EA0-808F-E7CD48F468EB}"
EndProject
Project("{FAE04EC0-301F-11D3-BF4B-00C04F79EFBC}") = "StringBuilderTests", "StringBuilderTests\StringBuilderTests.csproj", "{73FD1FF2-0FE8-4C31-9D00-EE9CAD48565C}"
EndProject
Global
	GlobalSection(SolutionConfigurationPlatforms) = preSolution
		Debug|Any CPU = Debug|Any CPU
		Release|Any CPU = Release|Any CPU
	EndGlobalSection
	GlobalSection(ProjectConfigurationPlatforms) = postSolution
		{ACC16721-7F31-4EA0-808F-E7CD48F468EB}.Debug|Any CPU.ActiveCfg = Debug|Any CPU
		{ACC16721-7F31-4EA0-808F-E7CD48F468EB}.Debug|Any CPU.Build.0 = Debug|Any CPU
		{ACC16721-7F31-4EA0-808F-E7CD48F468EB}.Release|Any CPU.ActiveCfg = Release|Any CPU
		{ACC16721-7F31-4EA0-808F-E7CD48F468EB}.Release|Any CPU.Build.0 = Release|Any CPU
		{73FD1FF2-0FE8-4C31-9D00-EE9CAD48565C}.Debug|Any CPU.ActiveCfg = Debug|Any CPU
		{73FD1FF2-0FE8-4C31-9D00-EE9CAD48565C}.Debug|Any CPU.Build.0 = Debug|Any CPU
		{73FD1FF2-0FE8-4C31-9D00-EE9CAD48565C}.Release|Any CPU.ActiveCfg = Release|Any CPU
		{73FD1FF2-0FE8-4C31-9D00-EE9CAD48565C}.Release|Any CPU.Build.0 = Release|Any CPU
	EndGlobalSection
	GlobalSection(SolutionProperties) = preSolution
		HideSolutionNode = FALSE
	EndGlobalSection
	GlobalSection(ExtensibilityGlobals) = postSolution
		SolutionGuid = {A9DEE19C-DEC4-41D2-B3A4-E26C2B90AAC0}
	EndGlobalSection
EndGlobal
